
Microsoft Visual Studio Solution File, Format Version 12.00
# Visual Studio 2012
Project("{FAE04EC0-301F-11D3-BF4B-00C04F79EFBC}") = "UI", "UI\UI.csproj", "{1A00A7DB-0A14-4932-B155-5EEF29066732}"
EndProject
Project("{FAE04EC0-301F-11D3-BF4B-00C04F79EFBC}") = "Common", "Common\Common.csproj", "{DC206E30-27F3-4A39-A4BF-7AAC221374E6}"
EndProject
Project("{FAE04EC0-301F-11D3-BF4B-00C04F79EFBC}") = "Untility", "Untility\Untility.csproj", "{1B3A359F-70CC-474A-BBD5-8BE5E4EF3F70}"
EndProject
Project("{FAE04EC0-301F-11D3-BF4B-00C04F79EFBC}") = "BLL", "BLL\BLL.csproj", "{78035F23-A977-419B-A681-30C46817A1B5}"
EndProject
Project("{FAE04EC0-301F-11D3-BF4B-00C04F79EFBC}") = "DAL", "DAL\DAL.csproj", "{4F272EC3-AFBB-4E25-9020-22698DE19186}"
EndProject
Project("{FAE04EC0-301F-11D3-BF4B-00C04F79EFBC}") = "EFModel", "EFModel\EFModel.csproj", "{8C6B2D83-9012-471D-977B-224B0F236838}"
EndProject
Project("{FAE04EC0-301F-11D3-BF4B-00C04F79EFBC}") = "Model", "Model\Model.csproj", "{6421687E-186B-41E9-A610-828FF68BC3C9}"
EndProject
Project("{FAE04EC0-301F-11D3-BF4B-00C04F79EFBC}") = "Interface", "Interface\Interface.csproj", "{69912847-0147-4C85-8825-836C3200BFDB}"
EndProject
Project("{2150E333-8FDC-42A3-9474-1A3956D46DE8}") = "Solution Items", "Solution Items", "{D672A3D5-DA3D-4567-A69E-65B8656F9E65}"
	ProjectSection(SolutionItems) = preProject
		UpdateRecord.txt = UpdateRecord.txt
	EndProjectSection
EndProject
Project("{FAE04EC0-301F-11D3-BF4B-00C04F79EFBC}") = "NinjectDI", "NinjectDI\NinjectDI.csproj", "{D5C15877-8D8C-4C87-B662-2B4C48965FBB}"
EndProject
Project("{FAE04EC0-301F-11D3-BF4B-00C04F79EFBC}") = "Senparc.Weixin", "Senparc.Weixin\Senparc.Weixin\Senparc.Weixin.csproj", "{814092CD-9CD0-4FB7-91E8-D147F476F1FB}"
EndProject
Project("{FAE04EC0-301F-11D3-BF4B-00C04F79EFBC}") = "Senparc.Weixin.MP", "Senparc.Weixin.MP\Senparc.Weixin.MP\Senparc.Weixin.MP.csproj", "{1D815FBF-451C-4E23-939C-CB80172F445C}"
EndProject
Project("{FAE04EC0-301F-11D3-BF4B-00C04F79EFBC}") = "Senparc.Weixin.MP.MvcExtension", "Senparc.Weixin.MP.MvcExtension\Senparc.Weixin.MP.MvcExtension\Senparc.Weixin.MP.MvcExtension.csproj", "{EE8630BC-6191-4C40-9061-12C76342562D}"
EndProject
Global
	GlobalSection(SolutionConfigurationPlatforms) = preSolution
		Debug|Any CPU = Debug|Any CPU
		Release|Any CPU = Release|Any CPU
		Test|Any CPU = Test|Any CPU
	EndGlobalSection
	GlobalSection(ProjectConfigurationPlatforms) = postSolution
		{1A00A7DB-0A14-4932-B155-5EEF29066732}.Debug|Any CPU.ActiveCfg = Debug|Any CPU
		{1A00A7DB-0A14-4932-B155-5EEF29066732}.Debug|Any CPU.Build.0 = Debug|Any CPU
		{1A00A7DB-0A14-4932-B155-5EEF29066732}.Release|Any CPU.ActiveCfg = Release|Any CPU
		{1A00A7DB-0A14-4932-B155-5EEF29066732}.Release|Any CPU.Build.0 = Release|Any CPU
		{1A00A7DB-0A14-4932-B155-5EEF29066732}.Test|Any CPU.ActiveCfg = Release|Any CPU
		{1A00A7DB-0A14-4932-B155-5EEF29066732}.Test|Any CPU.Build.0 = Release|Any CPU
		{DC206E30-27F3-4A39-A4BF-7AAC221374E6}.Debug|Any CPU.ActiveCfg = Debug|Any CPU
		{DC206E30-27F3-4A39-A4BF-7AAC221374E6}.Debug|Any CPU.Build.0 = Debug|Any CPU
		{DC206E30-27F3-4A39-A4BF-7AAC221374E6}.Release|Any CPU.ActiveCfg = Release|Any CPU
		{DC206E30-27F3-4A39-A4BF-7AAC221374E6}.Release|Any CPU.Build.0 = Release|Any CPU
		{DC206E30-27F3-4A39-A4BF-7AAC221374E6}.Test|Any CPU.ActiveCfg = Release|Any CPU
		{DC206E30-27F3-4A39-A4BF-7AAC221374E6}.Test|Any CPU.Build.0 = Release|Any CPU
		{1B3A359F-70CC-474A-BBD5-8BE5E4EF3F70}.Debug|Any CPU.ActiveCfg = Debug|Any CPU
		{1B3A359F-70CC-474A-BBD5-8BE5E4EF3F70}.Debug|Any CPU.Build.0 = Debug|Any CPU
		{1B3A359F-70CC-474A-BBD5-8BE5E4EF3F70}.Release|Any CPU.ActiveCfg = Release|Any CPU
		{1B3A359F-70CC-474A-BBD5-8BE5E4EF3F70}.Release|Any CPU.Build.0 = Release|Any CPU
		{1B3A359F-70CC-474A-BBD5-8BE5E4EF3F70}.Test|Any CPU.ActiveCfg = Release|Any CPU
		{1B3A359F-70CC-474A-BBD5-8BE5E4EF3F70}.Test|Any CPU.Build.0 = Release|Any CPU
		{78035F23-A977-419B-A681-30C46817A1B5}.Debug|Any CPU.ActiveCfg = Debug|Any CPU
		{78035F23-A977-419B-A681-30C46817A1B5}.Debug|Any CPU.Build.0 = Debug|Any CPU
		{78035F23-A977-419B-A681-30C46817A1B5}.Release|Any CPU.ActiveCfg = Release|Any CPU
		{78035F23-A977-419B-A681-30C46817A1B5}.Release|Any CPU.Build.0 = Release|Any CPU
		{78035F23-A977-419B-A681-30C46817A1B5}.Test|Any CPU.ActiveCfg = Release|Any CPU
		{78035F23-A977-419B-A681-30C46817A1B5}.Test|Any CPU.Build.0 = Release|Any CPU
		{4F272EC3-AFBB-4E25-9020-22698DE19186}.Debug|Any CPU.ActiveCfg = Debug|Any CPU
		{4F272EC3-AFBB-4E25-9020-22698DE19186}.Debug|Any CPU.Build.0 = Debug|Any CPU
		{4F272EC3-AFBB-4E25-9020-22698DE19186}.Release|Any CPU.ActiveCfg = Release|Any CPU
		{4F272EC3-AFBB-4E25-9020-22698DE19186}.Release|Any CPU.Build.0 = Release|Any CPU
		{4F272EC3-AFBB-4E25-9020-22698DE19186}.Test|Any CPU.ActiveCfg = Release|Any CPU
		{4F272EC3-AFBB-4E25-9020-22698DE19186}.Test|Any CPU.Build.0 = Release|Any CPU
		{8C6B2D83-9012-471D-977B-224B0F236838}.Debug|Any CPU.ActiveCfg = Debug|Any CPU
		{8C6B2D83-9012-471D-977B-224B0F236838}.Debug|Any CPU.Build.0 = Debug|Any CPU
		{8C6B2D83-9012-471D-977B-224B0F236838}.Release|Any CPU.ActiveCfg = Release|Any CPU
		{8C6B2D83-9012-471D-977B-224B0F236838}.Release|Any CPU.Build.0 = Release|Any CPU
		{8C6B2D83-9012-471D-977B-224B0F236838}.Test|Any CPU.ActiveCfg = Release|Any CPU
		{8C6B2D83-9012-471D-977B-224B0F236838}.Test|Any CPU.Build.0 = Release|Any CPU
		{6421687E-186B-41E9-A610-828FF68BC3C9}.Debug|Any CPU.ActiveCfg = Debug|Any CPU
		{6421687E-186B-41E9-A610-828FF68BC3C9}.Debug|Any CPU.Build.0 = Debug|Any CPU
		{6421687E-186B-41E9-A610-828FF68BC3C9}.Release|Any CPU.ActiveCfg = Release|Any CPU
		{6421687E-186B-41E9-A610-828FF68BC3C9}.Release|Any CPU.Build.0 = Release|Any CPU
		{6421687E-186B-41E9-A610-828FF68BC3C9}.Test|Any CPU.ActiveCfg = Release|Any CPU
		{6421687E-186B-41E9-A610-828FF68BC3C9}.Test|Any CPU.Build.0 = Release|Any CPU
		{69912847-0147-4C85-8825-836C3200BFDB}.Debug|Any CPU.ActiveCfg = Debug|Any CPU
		{69912847-0147-4C85-8825-836C3200BFDB}.Debug|Any CPU.Build.0 = Debug|Any CPU
		{69912847-0147-4C85-8825-836C3200BFDB}.Release|Any CPU.ActiveCfg = Release|Any CPU
		{69912847-0147-4C85-8825-836C3200BFDB}.Release|Any CPU.Build.0 = Release|Any CPU
		{69912847-0147-4C85-8825-836C3200BFDB}.Test|Any CPU.ActiveCfg = Release|Any CPU
		{69912847-0147-4C85-8825-836C3200BFDB}.Test|Any CPU.Build.0 = Release|Any CPU
		{D5C15877-8D8C-4C87-B662-2B4C48965FBB}.Debug|Any CPU.ActiveCfg = Debug|Any CPU
		{D5C15877-8D8C-4C87-B662-2B4C48965FBB}.Debug|Any CPU.Build.0 = Debug|Any CPU
		{D5C15877-8D8C-4C87-B662-2B4C48965FBB}.Release|Any CPU.ActiveCfg = Release|Any CPU
		{D5C15877-8D8C-4C87-B662-2B4C48965FBB}.Release|Any CPU.Build.0 = Release|Any CPU
		{D5C15877-8D8C-4C87-B662-2B4C48965FBB}.Test|Any CPU.ActiveCfg = Release|Any CPU
		{D5C15877-8D8C-4C87-B662-2B4C48965FBB}.Test|Any CPU.Build.0 = Release|Any CPU
		{814092CD-9CD0-4FB7-91E8-D147F476F1FB}.Debug|Any CPU.ActiveCfg = Debug|Any CPU
		{814092CD-9CD0-4FB7-91E8-D147F476F1FB}.Debug|Any CPU.Build.0 = Debug|Any CPU
		{814092CD-9CD0-4FB7-91E8-D147F476F1FB}.Release|Any CPU.ActiveCfg = Release|Any CPU
		{814092CD-9CD0-4FB7-91E8-D147F476F1FB}.Release|Any CPU.Build.0 = Release|Any CPU
		{814092CD-9CD0-4FB7-91E8-D147F476F1FB}.Test|Any CPU.ActiveCfg = Release|Any CPU
		{814092CD-9CD0-4FB7-91E8-D147F476F1FB}.Test|Any CPU.Build.0 = Release|Any CPU
		{1D815FBF-451C-4E23-939C-CB80172F445C}.Debug|Any CPU.ActiveCfg = Debug|Any CPU
		{1D815FBF-451C-4E23-939C-CB80172F445C}.Debug|Any CPU.Build.0 = Debug|Any CPU
		{1D815FBF-451C-4E23-939C-CB80172F445C}.Release|Any CPU.ActiveCfg = Release|Any CPU
		{1D815FBF-451C-4E23-939C-CB80172F445C}.Release|Any CPU.Build.0 = Release|Any CPU
		{1D815FBF-451C-4E23-939C-CB80172F445C}.Test|Any CPU.ActiveCfg = Test|Any CPU
		{1D815FBF-451C-4E23-939C-CB80172F445C}.Test|Any CPU.Build.0 = Test|Any CPU
		{EE8630BC-6191-4C40-9061-12C76342562D}.Debug|Any CPU.ActiveCfg = Debug|Any CPU
		{EE8630BC-6191-4C40-9061-12C76342562D}.Debug|Any CPU.Build.0 = Debug|Any CPU
		{EE8630BC-6191-4C40-9061-12C76342562D}.Release|Any CPU.ActiveCfg = Release|Any CPU
		{EE8630BC-6191-4C40-9061-12C76342562D}.Release|Any CPU.Build.0 = Release|Any CPU
		{EE8630BC-6191-4C40-9061-12C76342562D}.Test|Any CPU.ActiveCfg = Release|Any CPU
		{EE8630BC-6191-4C40-9061-12C76342562D}.Test|Any CPU.Build.0 = Release|Any CPU
	EndGlobalSection
	GlobalSection(SolutionProperties) = preSolution
		HideSolutionNode = FALSE
	EndGlobalSection
EndGlobal
